// !$*UTF8*$!
{
	archiveVersion = 1;
	classes = {
	};
	objectVersion = 46;
	objects = {

/* Begin PBXBuildFile section */
		459527121C2F9AF600E62F59 /* main.m in Sources */ = {isa = PBXBuildFile; fileRef = 459527111C2F9AF600E62F59 /* main.m */; };
		459527151C2F9AF600E62F59 /* AppDelegate.m in Sources */ = {isa = PBXBuildFile; fileRef = 459527141C2F9AF600E62F59 /* AppDelegate.m */; };
		459527181C2F9AF600E62F59 /* ViewController.m in Sources */ = {isa = PBXBuildFile; fileRef = 459527171C2F9AF600E62F59 /* ViewController.m */; };
		4595271B1C2F9AF600E62F59 /* Main.storyboard in Resources */ = {isa = PBXBuildFile; fileRef = 459527191C2F9AF600E62F59 /* Main.storyboard */; };
		4595271E1C2F9AF600E62F59 /* _____.xcdatamodeld in Sources */ = {isa = PBXBuildFile; fileRef = 4595271C1C2F9AF600E62F59 /* _____.xcdatamodeld */; };
		459527201C2F9AF600E62F59 /* Assets.xcassets in Resources */ = {isa = PBXBuildFile; fileRef = 4595271F1C2F9AF600E62F59 /* Assets.xcassets */; };
		459527231C2F9AF600E62F59 /* LaunchScreen.storyboard in Resources */ = {isa = PBXBuildFile; fileRef = 459527211C2F9AF600E62F59 /* LaunchScreen.storyboard */; };
		4595272D1C2F9C2000E62F59 /* ViewControllerFirst.m in Sources */ = {isa = PBXBuildFile; fileRef = 4595272B1C2F9C2000E62F59 /* ViewControllerFirst.m */; };
		4595272E1C2F9C2000E62F59 /* ViewControllerFirst.xib in Resources */ = {isa = PBXBuildFile; fileRef = 4595272C1C2F9C2000E62F59 /* ViewControllerFirst.xib */; };
		459527321C2F9CD600E62F59 /* ViewControllerSecond.m in Sources */ = {isa = PBXBuildFile; fileRef = 459527301C2F9CD600E62F59 /* ViewControllerSecond.m */; };
		459527331C2F9CD600E62F59 /* ViewControllerSecond.xib in Resources */ = {isa = PBXBuildFile; fileRef = 459527311C2F9CD600E62F59 /* ViewControllerSecond.xib */; };
		459527371C2FA23100E62F59 /* TableViewCell.m in Sources */ = {isa = PBXBuildFile; fileRef = 459527351C2FA23100E62F59 /* TableViewCell.m */; };
		459527381C2FA23100E62F59 /* TableViewCell.xib in Resources */ = {isa = PBXBuildFile; fileRef = 459527361C2FA23100E62F59 /* TableViewCell.xib */; };
		4595273A1C2FA84B00E62F59 /* branchList.png in Resources */ = {isa = PBXBuildFile; fileRef = 459527391C2FA84B00E62F59 /* branchList.png */; };
		4595273C1C2FA87700E62F59 /* coupon@2x.png in Resources */ = {isa = PBXBuildFile; fileRef = 4595273B1C2FA87700E62F59 /* coupon@2x.png */; };
/* End PBXBuildFile section */

/* Begin PBXFileReference section */
		4595270D1C2F9AF600E62F59 /* 兔狗面试题.app */ = {isa = PBXFileReference; explicitFileType = wrapper.application; includeInIndex = 0; path = "兔狗面试题.app"; sourceTree = BUILT_PRODUCTS_DIR; };
		459527111C2F9AF600E62F59 /* main.m */ = {isa = PBXFileReference; lastKnownFileType = sourcecode.c.objc; path = main.m; sourceTree = "<group>"; };
		459527131C2F9AF600E62F59 /* AppDelegate.h */ = {isa = PBXFileReference; lastKnownFileType = sourcecode.c.h; path = AppDelegate.h; sourceTree = "<group>"; };
		459527141C2F9AF600E62F59 /* AppDelegate.m */ = {isa = PBXFileReference; lastKnownFileType = sourcecode.c.objc; path = AppDelegate.m; sourceTree = "<group>"; };
		459527161C2F9AF600E62F59 /* ViewController.h */ = {isa = PBXFileReference; lastKnownFileType = sourcecode.c.h; path = ViewController.h; sourceTree = "<group>"; };
		459527171C2F9AF600E62F59 /* ViewController.m */ = {isa = PBXFileReference; lastKnownFileType = sourcecode.c.objc; path = ViewController.m; sourceTree = "<group>"; };
		4595271A1C2F9AF600E62F59 /* Base */ = {isa = PBXFileReference; lastKnownFileType = file.storyboard; name = Base; path = Base.lproj/Main.storyboard; sourceTree = "<group>"; };
		4595271D1C2F9AF600E62F59 /* _____.xcdatamodel */ = {isa = PBXFileReference; lastKnownFileType = wrapper.xcdatamodel; path = "_____.xcdatamodel"; sourceTree = "<group>"; };
		4595271F1C2F9AF600E62F59 /* Assets.xcassets */ = {isa = PBXFileReference; lastKnownFileType = folder.assetcatalog; path = Assets.xcassets; sourceTree = "<group>"; };
		459527221C2F9AF600E62F59 /* Base */ = {isa = PBXFileReference; lastKnownFileType = file.storyboard; name = Base; path = Base.lproj/LaunchScreen.storyboard; sourceTree = "<group>"; };
		459527241C2F9AF600E62F59 /* Info.plist */ = {isa = PBXFileReference; lastKnownFileType = text.plist.xml; path = Info.plist; sourceTree = "<group>"; };
		4595272A1C2F9C2000E62F59 /* ViewControllerFirst.h */ = {isa = PBXFileReference; fileEncoding = 4; lastKnownFileType = sourcecode.c.h; path = ViewControllerFirst.h; sourceTree = "<group>"; };
		4595272B1C2F9C2000E62F59 /* ViewControllerFirst.m */ = {isa = PBXFileReference; fileEncoding = 4; lastKnownFileType = sourcecode.c.objc; path = ViewControllerFirst.m; sourceTree = "<group>"; };
		4595272C1C2F9C2000E62F59 /* ViewControllerFirst.xib */ = {isa = PBXFileReference; fileEncoding = 4; lastKnownFileType = file.xib; path = ViewControllerFirst.xib; sourceTree = "<group>"; };
		4595272F1C2F9CD600E62F59 /* ViewControllerSecond.h */ = {isa = PBXFileReference; fileEncoding = 4; lastKnownFileType = sourcecode.c.h; path = ViewControllerSecond.h; sourceTree = "<group>"; };
		459527301C2F9CD600E62F59 /* ViewControllerSecond.m */ = {isa = PBXFileReference; fileEncoding = 4; lastKnownFileType = sourcecode.c.objc; path = ViewControllerSecond.m; sourceTree = "<group>"; };
		459527311C2F9CD600E62F59 /* ViewControllerSecond.xib */ = {isa = PBXFileReference; fileEncoding = 4; lastKnownFileType = file.xib; path = ViewControllerSecond.xib; sourceTree = "<group>"; };
		459527341C2FA23100E62F59 /* TableViewCell.h */ = {isa = PBXFileReference; fileEncoding = 4; lastKnownFileType = sourcecode.c.h; path = TableViewCell.h; sourceTree = "<group>"; };
		459527351C2FA23100E62F59 /* TableViewCell.m */ = {isa = PBXFileReference; fileEncoding = 4; lastKnownFileType = sourcecode.c.objc; path = TableViewCell.m; sourceTree = "<group>"; };
		459527361C2FA23100E62F59 /* TableViewCell.xib */ = {isa = PBXFileReference; fileEncoding = 4; lastKnownFileType = file.xib; path = TableViewCell.xib; sourceTree = "<group>"; };
		459527391C2FA84B00E62F59 /* branchList.png */ = {isa = PBXFileReference; lastKnownFileType = image.png; path = branchList.png; sourceTree = "<group>"; };
		4595273B1C2FA87700E62F59 /* coupon@2x.png */ = {isa = PBXFileReference; lastKnownFileType = image.png; path = "coupon@2x.png"; sourceTree = "<group>"; };
/* End PBXFileReference section */

/* Begin PBXFrameworksBuildPhase section */
		4595270A1C2F9AF600E62F59 /* Frameworks */ = {
			isa = PBXFrameworksBuildPhase;
			buildActionMask = 2147483647;
			files = (
			);
			runOnlyForDeploymentPostprocessing = 0;
		};
/* End PBXFrameworksBuildPhase section */

/* Begin PBXGroup section */
		459527041C2F9AF600E62F59 = {
			isa = PBXGroup;
			children = (
				4595270F1C2F9AF600E62F59 /* 兔狗面试题 */,
				4595270E1C2F9AF600E62F59 /* Products */,
			);
			sourceTree = "<group>";
		};
		4595270E1C2F9AF600E62F59 /* Products */ = {
			isa = PBXGroup;
			children = (
				4595270D1C2F9AF600E62F59 /* 兔狗面试题.app */,
			);
			name = Products;
			sourceTree = "<group>";
		};
		4595270F1C2F9AF600E62F59 /* 兔狗面试题 */ = {
			isa = PBXGroup;
			children = (
				459527131C2F9AF600E62F59 /* AppDelegate.h */,
				459527141C2F9AF600E62F59 /* AppDelegate.m */,
				459527161C2F9AF600E62F59 /* ViewController.h */,
				459527171C2F9AF600E62F59 /* ViewController.m */,
				459527191C2F9AF600E62F59 /* Main.storyboard */,
				4595272A1C2F9C2000E62F59 /* ViewControllerFirst.h */,
				4595272B1C2F9C2000E62F59 /* ViewControllerFirst.m */,
				4595272C1C2F9C2000E62F59 /* ViewControllerFirst.xib */,
				4595272F1C2F9CD600E62F59 /* ViewControllerSecond.h */,
				459527301C2F9CD600E62F59 /* ViewControllerSecond.m */,
				459527311C2F9CD600E62F59 /* ViewControllerSecond.xib */,
				459527341C2FA23100E62F59 /* TableViewCell.h */,
				459527351C2FA23100E62F59 /* TableViewCell.m */,
				459527361C2FA23100E62F59 /* TableViewCell.xib */,
				4595271F1C2F9AF600E62F59 /* Assets.xcassets */,
				459527211C2F9AF600E62F59 /* LaunchScreen.storyboard */,
				459527241C2F9AF600E62F59 /* Info.plist */,
				4595271C1C2F9AF600E62F59 /* _____.xcdatamodeld */,
				459527101C2F9AF600E62F59 /* Supporting Files */,
			);
			path = "兔狗面试题";
			sourceTree = "<group>";
		};
		459527101C2F9AF600E62F59 /* Supporting Files */ = {
			isa = PBXGroup;
			children = (
				4595273B1C2FA87700E62F59 /* coupon@2x.png */,
				459527391C2FA84B00E62F59 /* branchList.png */,
				459527111C2F9AF600E62F59 /* main.m */,
			);
			name = "Supporting Files";
			sourceTree = "<group>";
		};
/* End PBXGroup section */

/* Begin PBXNativeTarget section */
		4595270C1C2F9AF600E62F59 /* 兔狗面试题 */ = {
			isa = PBXNativeTarget;
			buildConfigurationList = 459527271C2F9AF600E62F59 /* Build configuration list for PBXNativeTarget "兔狗面试题" */;
			buildPhases = (
				459527091C2F9AF600E62F59 /* Sources */,
				4595270A1C2F9AF600E62F59 /* Frameworks */,
				4595270B1C2F9AF600E62F59 /* Resources */,
			);
			buildRules = (
			);
			dependencies = (
			);
			name = "兔狗面试题";
			productName = "兔狗面试题";
			productReference = 4595270D1C2F9AF600E62F59 /* 兔狗面试题.app */;
			productType = "com.apple.product-type.application";
		};
/* End PBXNativeTarget section */

/* Begin PBXProject section */
		459527051C2F9AF600E62F59 /* Project object */ = {
			isa = PBXProject;
			attributes = {
				LastUpgradeCheck = 0720;
				ORGANIZATIONNAME = LemonXia;
				TargetAttributes = {
					4595270C1C2F9AF600E62F59 = {
						CreatedOnToolsVersion = 7.2;
					};
				};
			};
			buildConfigurationList = 459527081C2F9AF600E62F59 /* Build configuration list for PBXProject "兔狗面试题" */;
			compatibilityVersion = "Xcode 3.2";
			developmentRegion = English;
			hasScannedForEncodings = 0;
			knownRegions = (
				en,
				Base,
			);
			mainGroup = 459527041C2F9AF600E62F59;
			productRefGroup = 4595270E1C2F9AF600E62F59 /* Products */;
			projectDirPath = "";
			projectRoot = "";
			targets = (
				4595270C1C2F9AF600E62F59 /* 兔狗面试题 */,
			);
		};
/* End PBXProject section */

/* Begin PBXResourcesBuildPhase section */
		4595270B1C2F9AF600E62F59 /* Resources */ = {
			isa = PBXResourcesBuildPhase;
			buildActionMask = 2147483647;
			files = (
				4595273A1C2FA84B00E62F59 /* branchList.png in Resources */,
				459527231C2F9AF600E62F59 /* LaunchScreen.storyboard in Resources */,
				459527381C2FA23100E62F59 /* TableViewCell.xib in Resources */,
				459527201C2F9AF600E62F59 /* Assets.xcassets in Resources */,
				459527331C2F9CD600E62F59 /* ViewControllerSecond.xib in Resources */,
				4595271B1C2F9AF600E62F59 /* Main.storyboard in Resources */,
				4595273C1C2FA87700E62F59 /* coupon@2x.png in Resources */,
				4595272E1C2F9C2000E62F59 /* ViewControllerFirst.xib in Resources */,
			);
			runOnlyForDeploymentPostprocessing = 0;
		};
/* End PBXResourcesBuildPhase section */

/* Begin PBXSourcesBuildPhase section */
		459527091C2F9AF600E62F59 /* Sources */ = {
			isa = PBXSourcesBuildPhase;
			buildActionMask = 2147483647;
			files = (
				459527371C2FA23100E62F59 /* TableViewCell.m in Sources */,
				459527321C2F9CD600E62F59 /* ViewControllerSecond.m in Sources */,
				459527181C2F9AF600E62F59 /* ViewController.m in Sources */,
				4595272D1C2F9C2000E62F59 /* ViewControllerFirst.m in Sources */,
				4595271E1C2F9AF600E62F59 /* _____.xcdatamodeld in Sources */,
				459527151C2F9AF600E62F59 /* AppDelegate.m in Sources */,
				459527121C2F9AF600E62F59 /* main.m in Sources */,
			);
			runOnlyForDeploymentPostprocessing = 0;
		};
/* End PBXSourcesBuildPhase section */

/* Begin PBXVariantGroup section */
		459527191C2F9AF600E62F59 /* Main.storyboard */ = {
			isa = PBXVariantGroup;
			children = (
				4595271A1C2F9AF600E62F59 /* Base */,
			);
			name = Main.storyboard;
			sourceTree = "<group>";
		};
		459527211C2F9AF600E62F59 /* LaunchScreen.storyboard */ = {
			isa = PBXVariantGroup;
			children = (
				459527221C2F9AF600E62F59 /* Base */,
			);
			name = LaunchScreen.storyboard;
			sourceTree = "<group>";
		};
/* End PBXVariantGroup section */

/* Begin XCBuildConfiguration section */
		459527251C2F9AF600E62F59 /* Debug */ = {
			isa = XCBuildConfiguration;
			buildSettings = {
				ALWAYS_SEARCH_USER_PATHS = NO;
				CLANG_CXX_LANGUAGE_STANDARD = "gnu++0x";
				CLANG_CXX_LIBRARY = "libc++";
				CLANG_ENABLE_MODULES = YES;
				CLANG_ENABLE_OBJC_ARC = YES;
				CLANG_WARN_BOOL_CONVERSION = YES;
				CLANG_WARN_CONSTANT_CONVERSION = YES;
				CLANG_WARN_DIRECT_OBJC_ISA_USAGE = YES_ERROR;
				CLANG_WARN_EMPTY_BODY = YES;
				CLANG_WARN_ENUM_CONVERSION = YES;
				CLANG_WARN_INT_CONVERSION = YES;
				CLANG_WARN_OBJC_ROOT_CLASS = YES_ERROR;
				CLANG_WARN_UNREACHABLE_CODE = YES;
				CLANG_WARN__DUPLICATE_METHOD_MATCH = YES;
				"CODE_SIGN_IDENTITY[sdk=iphoneos*]" = "iPhone Developer";
				COPY_PHASE_STRIP = NO;
				DEBUG_INFORMATION_FORMAT = dwarf;
				ENABLE_STRICT_OBJC_MSGSEND = YES;
				ENABLE_TESTABILITY = YES;
				GCC_C_LANGUAGE_STANDARD = gnu99;
				GCC_DYNAMIC_NO_PIC = NO;
				GCC_NO_COMMON_BLOCKS = YES;
				GCC_OPTIMIZATION_LEVEL = 0;
				GCC_PREPROCESSOR_DEFINITIONS = (
					"DEBUG=1",
					"$(inherited)",
				);
				GCC_WARN_64_TO_32_BIT_CONVERSION = YES;
				GCC_WARN_ABOUT_RETURN_TYPE = YES_ERROR;
				GCC_WARN_UNDECLARED_SELECTOR = YES;
				GCC_WARN_UNINITIALIZED_AUTOS = YES_AGGRESSIVE;
				GCC_WARN_UNUSED_FUNCTION = YES;
				GCC_WARN_UNUSED_VARIABLE = YES;
				IPHONEOS_DEPLOYMENT_TARGET = 9.2;
				MTL_ENABLE_DEBUG_INFO = YES;
				ONLY_ACTIVE_ARCH = YES;
				SDKROOT = iphoneos;
			};
			name = Debug;
		};
		459527261C2F9AF600E62F59 /* Release */ = {
			isa = XCBuildConfiguration;
			buildSettings = {
				ALWAYS_SEARCH_USER_PATHS = NO;
				CLANG_CXX_LANGUAGE_STANDARD = "gnu++0x";
				CLANG_CXX_LIBRARY = "libc++";
				CLANG_ENABLE_MODULES = YES;
				CLANG_ENABLE_OBJC_ARC = YES;
				CLANG_WARN_BOOL_CONVERSION = YES;
				CLANG_WARN_CONSTANT_CONVERSION = YES;
				CLANG_WARN_DIRECT_OBJC_ISA_USAGE = YES_ERROR;
				CLANG_WARN_EMPTY_BODY = YES;
				CLANG_WARN_ENUM_CONVERSION = YES;
				CLANG_WARN_INT_CONVERSION = YES;
				CLANG_WARN_OBJC_ROOT_CLASS = YES_ERROR;
				CLANG_WARN_UNREACHABLE_CODE = YES;
				CLANG_WARN__DUPLICATE_METHOD_MATCH = YES;
				"CODE_SIGN_IDENTITY[sdk=iphoneos*]" = "iPhone Developer";
				COPY_PHASE_STRIP = NO;
				DEBUG_INFORMATION_FORMAT = "dwarf-with-dsym";
				ENABLE_NS_ASSERTIONS = NO;
				ENABLE_STRICT_OBJC_MSGSEND = YES;
				GCC_C_LANGUAGE_STANDARD = gnu99;
				GCC_NO_COMMON_BLOCKS = YES;
				GCC_WARN_64_TO_32_BIT_CONVERSION = YES;
				GCC_WARN_ABOUT_RETURN_TYPE = YES_ERROR;
				GCC_WARN_UNDECLARED_SELECTOR = YES;
				GCC_WARN_UNINITIALIZED_AUTOS = YES_AGGRESSIVE;
				GCC_WARN_UNUSED_FUNCTION = YES;
				GCC_WARN_UNUSED_VARIABLE = YES;
				IPHONEOS_DEPLOYMENT_TARGET = 9.2;
				MTL_ENABLE_DEBUG_INFO = NO;
				SDKROOT = iphoneos;
				VALIDATE_PRODUCT = YES;
			};
			name = Release;
		};
		459527281C2F9AF600E62F59 /* Debug */ = {
			isa = XCBuildConfiguration;
			buildSettings = {
				ASSETCATALOG_COMPILER_APPICON_NAME = AppIcon;
				INFOPLIST_FILE = "兔狗面试题/Info.plist";
				LD_RUNPATH_SEARCH_PATHS = "$(inherited) @executable_path/Frameworks";
				PRODUCT_BUNDLE_IDENTIFIER = "com.Lemon.-----";
				PRODUCT_NAME = "$(TARGET_NAME)";
			};
			name = Debug;
		};
		459527291C2F9AF600E62F59 /* Release */ = {
			isa = XCBuildConfiguration;
			buildSettings = {
				ASSETCATALOG_COMPILER_APPICON_NAME = AppIcon;
				INFOPLIST_FILE = "兔狗面试题/Info.plist";
				LD_RUNPATH_SEARCH_PATHS = "$(inherited) @executable_path/Frameworks";
				PRODUCT_BUNDLE_IDENTIFIER = "com.Lemon.-----";
				PRODUCT_NAME = "$(TARGET_NAME)";
			};
			name = Release;
		};
/* End XCBuildConfiguration section */

/* Begin XCConfigurationList section */
		459527081C2F9AF600E62F59 /* Build configuration list for PBXProject "兔狗面试题" */ = {
			isa = XCConfigurationList;
			buildConfigurations = (
				459527251C2F9AF600E62F59 /* Debug */,
				459527261C2F9AF600E62F59 /* Release */,
			);
			defaultConfigurationIsVisible = 0;
			defaultConfigurationName = Release;
		};
		459527271C2F9AF600E62F59 /* Build configuration list for PBXNativeTarget "兔狗面试题" */ = {
			isa = XCConfigurationList;
			buildConfigurations = (
				459527281C2F9AF600E62F59 /* Debug */,
				459527291C2F9AF600E62F59 /* Release */,
			);
			defaultConfigurationIsVisible = 0;
		};
/* End XCConfigurationList section */

/* Begin XCVersionGroup section */
		4595271C1C2F9AF600E62F59 /* _____.xcdatamodeld */ = {
			isa = XCVersionGroup;
			children = (
				4595271D1C2F9AF600E62F59 /* _____.xcdatamodel */,
			);
			currentVersion = 4595271D1C2F9AF600E62F59 /* _____.xcdatamodel */;
			path = "_____.xcdatamodeld";
			sourceTree = "<group>";
			versionGroupType = wrapper.xcdatamodel;
		};
/* End XCVersionGroup section */
	};
	rootObject = 459527051C2F9AF600E62F59 /* Project object */;
}
